
Microsoft Visual Studio Solution File, Format Version 12.00
Project("{FAE04EC0-301F-11D3-BF4B-00C04F79EFBC}") = "backend-csharp", "backend-csharp\backend-csharp.csproj", "{CA001D47-A39B-4585-BEAF-BCD8D3BDD714}"
EndProject
Global
	GlobalSection(SolutionConfigurationPlatforms) = preSolution
		Debug|Any CPU = Debug|Any CPU
		Release|Any CPU = Release|Any CPU
	EndGlobalSection
	GlobalSection(ProjectConfigurationPlatforms) = postSolution
		{CA001D47-A39B-4585-BEAF-BCD8D3BDD714}.Debug|Any CPU.ActiveCfg = Debug|Any CPU
		{CA001D47-A39B-4585-BEAF-BCD8D3BDD714}.Debug|Any CPU.Build.0 = Debug|Any CPU
		{CA001D47-A39B-4585-BEAF-BCD8D3BDD714}.Release|Any CPU.ActiveCfg = Release|Any CPU
		{CA001D47-A39B-4585-BEAF-BCD8D3BDD714}.Release|Any CPU.Build.0 = Release|Any CPU
	EndGlobalSection
EndGlobal
